
Microsoft Visual Studio Solution File, Format Version 12.00
Project("{FAE04EC0-301F-11D3-BF4B-00C04F79EFBC}") = "Api", "Api\Api.csproj", "{B01D3183-F8AD-48C4-9601-43EBB5F7E2F0}"
EndProject
Project("{FAE04EC0-301F-11D3-BF4B-00C04F79EFBC}") = "ApiUnitTest", "ApiUnitTest\ApiUnitTest.csproj", "{6A824975-4EF5-4DA2-BA11-628A78413AF4}"
EndProject
Global
	GlobalSection(SolutionConfigurationPlatforms) = preSolution
		Debug|Any CPU = Debug|Any CPU
		Release|Any CPU = Release|Any CPU
	EndGlobalSection
	GlobalSection(ProjectConfigurationPlatforms) = postSolution
		{B01D3183-F8AD-48C4-9601-43EBB5F7E2F0}.Debug|Any CPU.ActiveCfg = Debug|Any CPU
		{B01D3183-F8AD-48C4-9601-43EBB5F7E2F0}.Debug|Any CPU.Build.0 = Debug|Any CPU
		{B01D3183-F8AD-48C4-9601-43EBB5F7E2F0}.Release|Any CPU.ActiveCfg = Release|Any CPU
		{B01D3183-F8AD-48C4-9601-43EBB5F7E2F0}.Release|Any CPU.Build.0 = Release|Any CPU
		{6A824975-4EF5-4DA2-BA11-628A78413AF4}.Debug|Any CPU.ActiveCfg = Debug|Any CPU
		{6A824975-4EF5-4DA2-BA11-628A78413AF4}.Debug|Any CPU.Build.0 = Debug|Any CPU
		{6A824975-4EF5-4DA2-BA11-628A78413AF4}.Release|Any CPU.ActiveCfg = Release|Any CPU
		{6A824975-4EF5-4DA2-BA11-628A78413AF4}.Release|Any CPU.Build.0 = Release|Any CPU
	EndGlobalSection
EndGlobal
